
Microsoft Visual Studio Solution File, Format Version 12.00
# Visual Studio Version 17
VisualStudioVersion = 17.0.32014.148
MinimumVisualStudioVersion = 10.0.40219.1
Project("{FAE04EC0-301F-11D3-BF4B-00C04F79EFBC}") = "ProiectDAW", "ProiectDAW\ProiectDAW.csproj", "{198C8A31-8478-4BA1-8998-938D9FF8DF7C}"
EndProject
Global
	GlobalSection(SolutionConfigurationPlatforms) = preSolution
		Debug|Any CPU = Debug|Any CPU
		Release|Any CPU = Release|Any CPU
	EndGlobalSection
	GlobalSection(ProjectConfigurationPlatforms) = postSolution
		{198C8A31-8478-4BA1-8998-938D9FF8DF7C}.Debug|Any CPU.ActiveCfg = Debug|Any CPU
		{198C8A31-8478-4BA1-8998-938D9FF8DF7C}.Debug|Any CPU.Build.0 = Debug|Any CPU
		{198C8A31-8478-4BA1-8998-938D9FF8DF7C}.Release|Any CPU.ActiveCfg = Release|Any CPU
		{198C8A31-8478-4BA1-8998-938D9FF8DF7C}.Release|Any CPU.Build.0 = Release|Any CPU
	EndGlobalSection
	GlobalSection(SolutionProperties) = preSolution
		HideSolutionNode = FALSE
	EndGlobalSection
	GlobalSection(ExtensibilityGlobals) = postSolution
		SolutionGuid = {59637DB1-DF06-4ACD-9A6B-6E7AF2598F36}
	EndGlobalSection
EndGlobal
